// !$*UTF8*$!
{
	archiveVersion = 1;
	classes = {
	};
	objectVersion = 48;
	objects = {

/* Begin PBXBuildFile section */
		A85DD1EA20FBC562005A583F /* RootTableVC.swift in Sources */ = {isa = PBXBuildFile; fileRef = A85DD1E920FBC562005A583F /* RootTableVC.swift */; };
		A85DD1EC20FBC6F7005A583F /* RootTableCell.swift in Sources */ = {isa = PBXBuildFile; fileRef = A85DD1EB20FBC6F7005A583F /* RootTableCell.swift */; };
		A85DD1EE20FBC7AD005A583F /* RootCollectionCell.swift in Sources */ = {isa = PBXBuildFile; fileRef = A85DD1ED20FBC7AD005A583F /* RootCollectionCell.swift */; };
		A8D6A8C620FBBFFD00DB464D /* AppDelegate.swift in Sources */ = {isa = PBXBuildFile; fileRef = A8D6A8C520FBBFFD00DB464D /* AppDelegate.swift */; };
		A8D6A8CB20FBBFFD00DB464D /* Main.storyboard in Resources */ = {isa = PBXBuildFile; fileRef = A8D6A8C920FBBFFD00DB464D /* Main.storyboard */; };
		A8D6A8CD20FBBFFD00DB464D /* Assets.xcassets in Resources */ = {isa = PBXBuildFile; fileRef = A8D6A8CC20FBBFFD00DB464D /* Assets.xcassets */; };
		A8D6A8D020FBBFFD00DB464D /* LaunchScreen.storyboard in Resources */ = {isa = PBXBuildFile; fileRef = A8D6A8CE20FBBFFD00DB464D /* LaunchScreen.storyboard */; };
		A8D6A8DB20FBBFFE00DB464D /* SwagTests.swift in Sources */ = {isa = PBXBuildFile; fileRef = A8D6A8DA20FBBFFE00DB464D /* SwagTests.swift */; };
		A8D6A8E620FBBFFE00DB464D /* SwagUITests.swift in Sources */ = {isa = PBXBuildFile; fileRef = A8D6A8E520FBBFFE00DB464D /* SwagUITests.swift */; };
/* End PBXBuildFile section */

/* Begin PBXContainerItemProxy section */
		A8D6A8D720FBBFFE00DB464D /* PBXContainerItemProxy */ = {
			isa = PBXContainerItemProxy;
			containerPortal = A8D6A8BA20FBBFFD00DB464D /* Project object */;
			proxyType = 1;
			remoteGlobalIDString = A8D6A8C120FBBFFD00DB464D;
			remoteInfo = Swag;
		};
		A8D6A8E220FBBFFE00DB464D /* PBXContainerItemProxy */ = {
			isa = PBXContainerItemProxy;
			containerPortal = A8D6A8BA20FBBFFD00DB464D /* Project object */;
			proxyType = 1;
			remoteGlobalIDString = A8D6A8C120FBBFFD00DB464D;
			remoteInfo = Swag;
		};
/* End PBXContainerItemProxy section */

/* Begin PBXFileReference section */
		A85DD1E920FBC562005A583F /* RootTableVC.swift */ = {isa = PBXFileReference; lastKnownFileType = sourcecode.swift; path = RootTableVC.swift; sourceTree = "<group>"; };
		A85DD1EB20FBC6F7005A583F /* RootTableCell.swift */ = {isa = PBXFileReference; lastKnownFileType = sourcecode.swift; path = RootTableCell.swift; sourceTree = "<group>"; };
		A85DD1ED20FBC7AD005A583F /* RootCollectionCell.swift */ = {isa = PBXFileReference; lastKnownFileType = sourcecode.swift; path = RootCollectionCell.swift; sourceTree = "<group>"; };
		A8D6A8C220FBBFFD00DB464D /* Swag.app */ = {isa = PBXFileReference; explicitFileType = wrapper.application; includeInIndex = 0; path = Swag.app; sourceTree = BUILT_PRODUCTS_DIR; };
		A8D6A8C520FBBFFD00DB464D /* AppDelegate.swift */ = {isa = PBXFileReference; lastKnownFileType = sourcecode.swift; path = AppDelegate.swift; sourceTree = "<group>"; };
		A8D6A8CA20FBBFFD00DB464D /* Base */ = {isa = PBXFileReference; lastKnownFileType = file.storyboard; name = Base; path = Base.lproj/Main.storyboard; sourceTree = "<group>"; };
		A8D6A8CC20FBBFFD00DB464D /* Assets.xcassets */ = {isa = PBXFileReference; lastKnownFileType = folder.assetcatalog; path = Assets.xcassets; sourceTree = "<group>"; };
		A8D6A8CF20FBBFFD00DB464D /* Base */ = {isa = PBXFileReference; lastKnownFileType = file.storyboard; name = Base; path = Base.lproj/LaunchScreen.storyboard; sourceTree = "<group>"; };
		A8D6A8D120FBBFFD00DB464D /* Info.plist */ = {isa = PBXFileReference; lastKnownFileType = text.plist.xml; path = Info.plist; sourceTree = "<group>"; };
		A8D6A8D620FBBFFE00DB464D /* SwagTests.xctest */ = {isa = PBXFileReference; explicitFileType = wrapper.cfbundle; includeInIndex = 0; path = SwagTests.xctest; sourceTree = BUILT_PRODUCTS_DIR; };
		A8D6A8DA20FBBFFE00DB464D /* SwagTests.swift */ = {isa = PBXFileReference; lastKnownFileType = sourcecode.swift; path = SwagTests.swift; sourceTree = "<group>"; };
		A8D6A8DC20FBBFFE00DB464D /* Info.plist */ = {isa = PBXFileReference; lastKnownFileType = text.plist.xml; path = Info.plist; sourceTree = "<group>"; };
		A8D6A8E120FBBFFE00DB464D /* SwagUITests.xctest */ = {isa = PBXFileReference; explicitFileType = wrapper.cfbundle; includeInIndex = 0; path = SwagUITests.xctest; sourceTree = BUILT_PRODUCTS_DIR; };
		A8D6A8E520FBBFFE00DB464D /* SwagUITests.swift */ = {isa = PBXFileReference; lastKnownFileType = sourcecode.swift; path = SwagUITests.swift; sourceTree = "<group>"; };
		A8D6A8E720FBBFFE00DB464D /* Info.plist */ = {isa = PBXFileReference; lastKnownFileType = text.plist.xml; path = Info.plist; sourceTree = "<group>"; };
/* End PBXFileReference section */

/* Begin PBXFrameworksBuildPhase section */
		A8D6A8BF20FBBFFD00DB464D /* Frameworks */ = {
			isa = PBXFrameworksBuildPhase;
			buildActionMask = 2147483647;
			files = (
			);
			runOnlyForDeploymentPostprocessing = 0;
		};
		A8D6A8D320FBBFFE00DB464D /* Frameworks */ = {
			isa = PBXFrameworksBuildPhase;
			buildActionMask = 2147483647;
			files = (
			);
			runOnlyForDeploymentPostprocessing = 0;
		};
		A8D6A8DE20FBBFFE00DB464D /* Frameworks */ = {
			isa = PBXFrameworksBuildPhase;
			buildActionMask = 2147483647;
			files = (
			);
			runOnlyForDeploymentPostprocessing = 0;
		};
/* End PBXFrameworksBuildPhase section */

/* Begin PBXGroup section */
		A8D6A8B920FBBFFD00DB464D = {
			isa = PBXGroup;
			children = (
				A8D6A8C420FBBFFD00DB464D /* Swag */,
				A8D6A8D920FBBFFE00DB464D /* SwagTests */,
				A8D6A8E420FBBFFE00DB464D /* SwagUITests */,
				A8D6A8C320FBBFFD00DB464D /* Products */,
			);
			sourceTree = "<group>";
		};
		A8D6A8C320FBBFFD00DB464D /* Products */ = {
			isa = PBXGroup;
			children = (
				A8D6A8C220FBBFFD00DB464D /* Swag.app */,
				A8D6A8D620FBBFFE00DB464D /* SwagTests.xctest */,
				A8D6A8E120FBBFFE00DB464D /* SwagUITests.xctest */,
			);
			name = Products;
			sourceTree = "<group>";
		};
		A8D6A8C420FBBFFD00DB464D /* Swag */ = {
			isa = PBXGroup;
			children = (
				A8D6A8F620FBC23000DB464D /* Services */,
				A8D6A8F520FBC22A00DB464D /* Model */,
				A8D6A8F420FBC22400DB464D /* View */,
				A8D6A8F320FBC21A00DB464D /* Controller */,
				A8D6A8C520FBBFFD00DB464D /* AppDelegate.swift */,
				A8D6A8CC20FBBFFD00DB464D /* Assets.xcassets */,
				A8D6A8CE20FBBFFD00DB464D /* LaunchScreen.storyboard */,
				A8D6A8D120FBBFFD00DB464D /* Info.plist */,
			);
			path = Swag;
			sourceTree = "<group>";
		};
		A8D6A8D920FBBFFE00DB464D /* SwagTests */ = {
			isa = PBXGroup;
			children = (
				A8D6A8DA20FBBFFE00DB464D /* SwagTests.swift */,
				A8D6A8DC20FBBFFE00DB464D /* Info.plist */,
			);
			path = SwagTests;
			sourceTree = "<group>";
		};
		A8D6A8E420FBBFFE00DB464D /* SwagUITests */ = {
			isa = PBXGroup;
			children = (
				A8D6A8E520FBBFFE00DB464D /* SwagUITests.swift */,
				A8D6A8E720FBBFFE00DB464D /* Info.plist */,
			);
			path = SwagUITests;
			sourceTree = "<group>";
		};
		A8D6A8F320FBC21A00DB464D /* Controller */ = {
			isa = PBXGroup;
			children = (
				A85DD1E920FBC562005A583F /* RootTableVC.swift */,
			);
			path = Controller;
			sourceTree = "<group>";
		};
		A8D6A8F420FBC22400DB464D /* View */ = {
			isa = PBXGroup;
			children = (
				A8D6A8C920FBBFFD00DB464D /* Main.storyboard */,
				A85DD1EB20FBC6F7005A583F /* RootTableCell.swift */,
				A85DD1ED20FBC7AD005A583F /* RootCollectionCell.swift */,
			);
			path = View;
			sourceTree = "<group>";
		};
		A8D6A8F520FBC22A00DB464D /* Model */ = {
			isa = PBXGroup;
			children = (
			);
			path = Model;
			sourceTree = "<group>";
		};
		A8D6A8F620FBC23000DB464D /* Services */ = {
			isa = PBXGroup;
			children = (
			);
			path = Services;
			sourceTree = "<group>";
		};
/* End PBXGroup section */

/* Begin PBXNativeTarget section */
		A8D6A8C120FBBFFD00DB464D /* Swag */ = {
			isa = PBXNativeTarget;
			buildConfigurationList = A8D6A8EA20FBBFFE00DB464D /* Build configuration list for PBXNativeTarget "Swag" */;
			buildPhases = (
				A8D6A8BE20FBBFFD00DB464D /* Sources */,
				A8D6A8BF20FBBFFD00DB464D /* Frameworks */,
				A8D6A8C020FBBFFD00DB464D /* Resources */,
			);
			buildRules = (
			);
			dependencies = (
			);
			name = Swag;
			productName = Swag;
			productReference = A8D6A8C220FBBFFD00DB464D /* Swag.app */;
			productType = "com.apple.product-type.application";
		};
		A8D6A8D520FBBFFE00DB464D /* SwagTests */ = {
			isa = PBXNativeTarget;
			buildConfigurationList = A8D6A8ED20FBBFFE00DB464D /* Build configuration list for PBXNativeTarget "SwagTests" */;
			buildPhases = (
				A8D6A8D220FBBFFE00DB464D /* Sources */,
				A8D6A8D320FBBFFE00DB464D /* Frameworks */,
				A8D6A8D420FBBFFE00DB464D /* Resources */,
			);
			buildRules = (
			);
			dependencies = (
				A8D6A8D820FBBFFE00DB464D /* PBXTargetDependency */,
			);
			name = SwagTests;
			productName = SwagTests;
			productReference = A8D6A8D620FBBFFE00DB464D /* SwagTests.xctest */;
			productType = "com.apple.product-type.bundle.unit-test";
		};
		A8D6A8E020FBBFFE00DB464D /* SwagUITests */ = {
			isa = PBXNativeTarget;
			buildConfigurationList = A8D6A8F020FBBFFE00DB464D /* Build configuration list for PBXNativeTarget "SwagUITests" */;
			buildPhases = (
				A8D6A8DD20FBBFFE00DB464D /* Sources */,
				A8D6A8DE20FBBFFE00DB464D /* Frameworks */,
				A8D6A8DF20FBBFFE00DB464D /* Resources */,
			);
			buildRules = (
			);
			dependencies = (
				A8D6A8E320FBBFFE00DB464D /* PBXTargetDependency */,
			);
			name = SwagUITests;
			productName = SwagUITests;
			productReference = A8D6A8E120FBBFFE00DB464D /* SwagUITests.xctest */;
			productType = "com.apple.product-type.bundle.ui-testing";
		};
/* End PBXNativeTarget section */

/* Begin PBXProject section */
		A8D6A8BA20FBBFFD00DB464D /* Project object */ = {
			isa = PBXProject;
			attributes = {
				LastSwiftUpdateCheck = 0920;
				LastUpgradeCheck = 0920;
				ORGANIZATIONNAME = "Matt Deuschle";
				TargetAttributes = {
					A8D6A8C120FBBFFD00DB464D = {
						CreatedOnToolsVersion = 9.2;
						ProvisioningStyle = Automatic;
					};
					A8D6A8D520FBBFFE00DB464D = {
						CreatedOnToolsVersion = 9.2;
						ProvisioningStyle = Automatic;
						TestTargetID = A8D6A8C120FBBFFD00DB464D;
					};
					A8D6A8E020FBBFFE00DB464D = {
						CreatedOnToolsVersion = 9.2;
						ProvisioningStyle = Automatic;
						TestTargetID = A8D6A8C120FBBFFD00DB464D;
					};
				};
			};
			buildConfigurationList = A8D6A8BD20FBBFFD00DB464D /* Build configuration list for PBXProject "Swag" */;
			compatibilityVersion = "Xcode 8.0";
			developmentRegion = en;
			hasScannedForEncodings = 0;
			knownRegions = (
				en,
				Base,
			);
			mainGroup = A8D6A8B920FBBFFD00DB464D;
			productRefGroup = A8D6A8C320FBBFFD00DB464D /* Products */;
			projectDirPath = "";
			projectRoot = "";
			targets = (
				A8D6A8C120FBBFFD00DB464D /* Swag */,
				A8D6A8D520FBBFFE00DB464D /* SwagTests */,
				A8D6A8E020FBBFFE00DB464D /* SwagUITests */,
			);
		};
/* End PBXProject section */

/* Begin PBXResourcesBuildPhase section */
		A8D6A8C020FBBFFD00DB464D /* Resources */ = {
			isa = PBXResourcesBuildPhase;
			buildActionMask = 2147483647;
			files = (
				A8D6A8D020FBBFFD00DB464D /* LaunchScreen.storyboard in Resources */,
				A8D6A8CD20FBBFFD00DB464D /* Assets.xcassets in Resources */,
				A8D6A8CB20FBBFFD00DB464D /* Main.storyboard in Resources */,
			);
			runOnlyForDeploymentPostprocessing = 0;
		};
		A8D6A8D420FBBFFE00DB464D /* Resources */ = {
			isa = PBXResourcesBuildPhase;
			buildActionMask = 2147483647;
			files = (
			);
			runOnlyForDeploymentPostprocessing = 0;
		};
		A8D6A8DF20FBBFFE00DB464D /* Resources */ = {
			isa = PBXResourcesBuildPhase;
			buildActionMask = 2147483647;
			files = (
			);
			runOnlyForDeploymentPostprocessing = 0;
		};
/* End PBXResourcesBuildPhase section */

/* Begin PBXSourcesBuildPhase section */
		A8D6A8BE20FBBFFD00DB464D /* Sources */ = {
			isa = PBXSourcesBuildPhase;
			buildActionMask = 2147483647;
			files = (
				A8D6A8C620FBBFFD00DB464D /* AppDelegate.swift in Sources */,
				A85DD1EA20FBC562005A583F /* RootTableVC.swift in Sources */,
				A85DD1EC20FBC6F7005A583F /* RootTableCell.swift in Sources */,
				A85DD1EE20FBC7AD005A583F /* RootCollectionCell.swift in Sources */,
			);
			runOnlyForDeploymentPostprocessing = 0;
		};
		A8D6A8D220FBBFFE00DB464D /* Sources */ = {
			isa = PBXSourcesBuildPhase;
			buildActionMask = 2147483647;
			files = (
				A8D6A8DB20FBBFFE00DB464D /* SwagTests.swift in Sources */,
			);
			runOnlyForDeploymentPostprocessing = 0;
		};
		A8D6A8DD20FBBFFE00DB464D /* Sources */ = {
			isa = PBXSourcesBuildPhase;
			buildActionMask = 2147483647;
			files = (
				A8D6A8E620FBBFFE00DB464D /* SwagUITests.swift in Sources */,
			);
			runOnlyForDeploymentPostprocessing = 0;
		};
/* End PBXSourcesBuildPhase section */

/* Begin PBXTargetDependency section */
		A8D6A8D820FBBFFE00DB464D /* PBXTargetDependency */ = {
			isa = PBXTargetDependency;
			target = A8D6A8C120FBBFFD00DB464D /* Swag */;
			targetProxy = A8D6A8D720FBBFFE00DB464D /* PBXContainerItemProxy */;
		};
		A8D6A8E320FBBFFE00DB464D /* PBXTargetDependency */ = {
			isa = PBXTargetDependency;
			target = A8D6A8C120FBBFFD00DB464D /* Swag */;
			targetProxy = A8D6A8E220FBBFFE00DB464D /* PBXContainerItemProxy */;
		};
/* End PBXTargetDependency section */

/* Begin PBXVariantGroup section */
		A8D6A8C920FBBFFD00DB464D /* Main.storyboard */ = {
			isa = PBXVariantGroup;
			children = (
				A8D6A8CA20FBBFFD00DB464D /* Base */,
			);
			name = Main.storyboard;
			sourceTree = "<group>";
		};
		A8D6A8CE20FBBFFD00DB464D /* LaunchScreen.storyboard */ = {
			isa = PBXVariantGroup;
			children = (
				A8D6A8CF20FBBFFD00DB464D /* Base */,
			);
			name = LaunchScreen.storyboard;
			sourceTree = "<group>";
		};
/* End PBXVariantGroup section */

/* Begin XCBuildConfiguration section */
		A8D6A8E820FBBFFE00DB464D /* Debug */ = {
			isa = XCBuildConfiguration;
			buildSettings = {
				ALWAYS_SEARCH_USER_PATHS = NO;
				CLANG_ANALYZER_NONNULL = YES;
				CLANG_ANALYZER_NUMBER_OBJECT_CONVERSION = YES_AGGRESSIVE;
				CLANG_CXX_LANGUAGE_STANDARD = "gnu++14";
				CLANG_CXX_LIBRARY = "libc++";
				CLANG_ENABLE_MODULES = YES;
				CLANG_ENABLE_OBJC_ARC = YES;
				CLANG_WARN_BLOCK_CAPTURE_AUTORELEASING = YES;
				CLANG_WARN_BOOL_CONVERSION = YES;
				CLANG_WARN_COMMA = YES;
				CLANG_WARN_CONSTANT_CONVERSION = YES;
				CLANG_WARN_DIRECT_OBJC_ISA_USAGE = YES_ERROR;
				CLANG_WARN_DOCUMENTATION_COMMENTS = YES;
				CLANG_WARN_EMPTY_BODY = YES;
				CLANG_WARN_ENUM_CONVERSION = YES;
				CLANG_WARN_INFINITE_RECURSION = YES;
				CLANG_WARN_INT_CONVERSION = YES;
				CLANG_WARN_NON_LITERAL_NULL_CONVERSION = YES;
				CLANG_WARN_OBJC_LITERAL_CONVERSION = YES;
				CLANG_WARN_OBJC_ROOT_CLASS = YES_ERROR;
				CLANG_WARN_RANGE_LOOP_ANALYSIS = YES;
				CLANG_WARN_STRICT_PROTOTYPES = YES;
				CLANG_WARN_SUSPICIOUS_MOVE = YES;
				CLANG_WARN_UNGUARDED_AVAILABILITY = YES_AGGRESSIVE;
				CLANG_WARN_UNREACHABLE_CODE = YES;
				CLANG_WARN__DUPLICATE_METHOD_MATCH = YES;
				CODE_SIGN_IDENTITY = "iPhone Developer";
				COPY_PHASE_STRIP = NO;
				DEBUG_INFORMATION_FORMAT = dwarf;
				ENABLE_STRICT_OBJC_MSGSEND = YES;
				ENABLE_TESTABILITY = YES;
				GCC_C_LANGUAGE_STANDARD = gnu11;
				GCC_DYNAMIC_NO_PIC = NO;
				GCC_NO_COMMON_BLOCKS = YES;
				GCC_OPTIMIZATION_LEVEL = 0;
				GCC_PREPROCESSOR_DEFINITIONS = (
					"DEBUG=1",
					"$(inherited)",
				);
				GCC_WARN_64_TO_32_BIT_CONVERSION = YES;
				GCC_WARN_ABOUT_RETURN_TYPE = YES_ERROR;
				GCC_WARN_UNDECLARED_SELECTOR = YES;
				GCC_WARN_UNINITIALIZED_AUTOS = YES_AGGRESSIVE;
				GCC_WARN_UNUSED_FUNCTION = YES;
				GCC_WARN_UNUSED_VARIABLE = YES;
				IPHONEOS_DEPLOYMENT_TARGET = 11.2;
				MTL_ENABLE_DEBUG_INFO = YES;
				ONLY_ACTIVE_ARCH = YES;
				SDKROOT = iphoneos;
				SWIFT_ACTIVE_COMPILATION_CONDITIONS = DEBUG;
				SWIFT_OPTIMIZATION_LEVEL = "-Onone";
			};
			name = Debug;
		};
		A8D6A8E920FBBFFE00DB464D /* Release */ = {
			isa = XCBuildConfiguration;
			buildSettings = {
				ALWAYS_SEARCH_USER_PATHS = NO;
				CLANG_ANALYZER_NONNULL = YES;
				CLANG_ANALYZER_NUMBER_OBJECT_CONVERSION = YES_AGGRESSIVE;
				CLANG_CXX_LANGUAGE_STANDARD = "gnu++14";
				CLANG_CXX_LIBRARY = "libc++";
				CLANG_ENABLE_MODULES = YES;
				CLANG_ENABLE_OBJC_ARC = YES;
				CLANG_WARN_BLOCK_CAPTURE_AUTORELEASING = YES;
				CLANG_WARN_BOOL_CONVERSION = YES;
				CLANG_WARN_COMMA = YES;
				CLANG_WARN_CONSTANT_CONVERSION = YES;
				CLANG_WARN_DIRECT_OBJC_ISA_USAGE = YES_ERROR;
				CLANG_WARN_DOCUMENTATION_COMMENTS = YES;
				CLANG_WARN_EMPTY_BODY = YES;
				CLANG_WARN_ENUM_CONVERSION = YES;
				CLANG_WARN_INFINITE_RECURSION = YES;
				CLANG_WARN_INT_CONVERSION = YES;
				CLANG_WARN_NON_LITERAL_NULL_CONVERSION = YES;
				CLANG_WARN_OBJC_LITERAL_CONVERSION = YES;
				CLANG_WARN_OBJC_ROOT_CLASS = YES_ERROR;
				CLANG_WARN_RANGE_LOOP_ANALYSIS = YES;
				CLANG_WARN_STRICT_PROTOTYPES = YES;
				CLANG_WARN_SUSPICIOUS_MOVE = YES;
				CLANG_WARN_UNGUARDED_AVAILABILITY = YES_AGGRESSIVE;
				CLANG_WARN_UNREACHABLE_CODE = YES;
				CLANG_WARN__DUPLICATE_METHOD_MATCH = YES;
				CODE_SIGN_IDENTITY = "iPhone Developer";
				COPY_PHASE_STRIP = NO;
				DEBUG_INFORMATION_FORMAT = "dwarf-with-dsym";
				ENABLE_NS_ASSERTIONS = NO;
				ENABLE_STRICT_OBJC_MSGSEND = YES;
				GCC_C_LANGUAGE_STANDARD = gnu11;
				GCC_NO_COMMON_BLOCKS = YES;
				GCC_WARN_64_TO_32_BIT_CONVERSION = YES;
				GCC_WARN_ABOUT_RETURN_TYPE = YES_ERROR;
				GCC_WARN_UNDECLARED_SELECTOR = YES;
				GCC_WARN_UNINITIALIZED_AUTOS = YES_AGGRESSIVE;
				GCC_WARN_UNUSED_FUNCTION = YES;
				GCC_WARN_UNUSED_VARIABLE = YES;
				IPHONEOS_DEPLOYMENT_TARGET = 11.2;
				MTL_ENABLE_DEBUG_INFO = NO;
				SDKROOT = iphoneos;
				SWIFT_OPTIMIZATION_LEVEL = "-Owholemodule";
				VALIDATE_PRODUCT = YES;
			};
			name = Release;
		};
		A8D6A8EB20FBBFFE00DB464D /* Debug */ = {
			isa = XCBuildConfiguration;
			buildSettings = {
				ASSETCATALOG_COMPILER_APPICON_NAME = AppIcon;
				CODE_SIGN_STYLE = Automatic;
				DEVELOPMENT_TEAM = 3DKZWJ5854;
				INFOPLIST_FILE = Swag/Info.plist;
				LD_RUNPATH_SEARCH_PATHS = "$(inherited) @executable_path/Frameworks";
				PRODUCT_BUNDLE_IDENTIFIER = com.matt.deuschle.Swag;
				PRODUCT_NAME = "$(TARGET_NAME)";
				SWIFT_VERSION = 4.0;
				TARGETED_DEVICE_FAMILY = "1,2";
			};
			name = Debug;
		};
		A8D6A8EC20FBBFFE00DB464D /* Release */ = {
			isa = XCBuildConfiguration;
			buildSettings = {
				ASSETCATALOG_COMPILER_APPICON_NAME = AppIcon;
				CODE_SIGN_STYLE = Automatic;
				DEVELOPMENT_TEAM = 3DKZWJ5854;
				INFOPLIST_FILE = Swag/Info.plist;
				LD_RUNPATH_SEARCH_PATHS = "$(inherited) @executable_path/Frameworks";
				PRODUCT_BUNDLE_IDENTIFIER = com.matt.deuschle.Swag;
				PRODUCT_NAME = "$(TARGET_NAME)";
				SWIFT_VERSION = 4.0;
				TARGETED_DEVICE_FAMILY = "1,2";
			};
			name = Release;
		};
		A8D6A8EE20FBBFFE00DB464D /* Debug */ = {
			isa = XCBuildConfiguration;
			buildSettings = {
				ALWAYS_EMBED_SWIFT_STANDARD_LIBRARIES = YES;
				BUNDLE_LOADER = "$(TEST_HOST)";
				CODE_SIGN_STYLE = Automatic;
				DEVELOPMENT_TEAM = 3DKZWJ5854;
				INFOPLIST_FILE = SwagTests/Info.plist;
				LD_RUNPATH_SEARCH_PATHS = "$(inherited) @executable_path/Frameworks @loader_path/Frameworks";
				PRODUCT_BUNDLE_IDENTIFIER = com.matt.deuschle.SwagTests;
				PRODUCT_NAME = "$(TARGET_NAME)";
				SWIFT_VERSION = 4.0;
				TARGETED_DEVICE_FAMILY = "1,2";
				TEST_HOST = "$(BUILT_PRODUCTS_DIR)/Swag.app/Swag";
			};
			name = Debug;
		};
		A8D6A8EF20FBBFFE00DB464D /* Release */ = {
			isa = XCBuildConfiguration;
			buildSettings = {
				ALWAYS_EMBED_SWIFT_STANDARD_LIBRARIES = YES;
				BUNDLE_LOADER = "$(TEST_HOST)";
				CODE_SIGN_STYLE = Automatic;
				DEVELOPMENT_TEAM = 3DKZWJ5854;
				INFOPLIST_FILE = SwagTests/Info.plist;
				LD_RUNPATH_SEARCH_PATHS = "$(inherited) @executable_path/Frameworks @loader_path/Frameworks";
				PRODUCT_BUNDLE_IDENTIFIER = com.matt.deuschle.SwagTests;
				PRODUCT_NAME = "$(TARGET_NAME)";
				SWIFT_VERSION = 4.0;
				TARGETED_DEVICE_FAMILY = "1,2";
				TEST_HOST = "$(BUILT_PRODUCTS_DIR)/Swag.app/Swag";
			};
			name = Release;
		};
		A8D6A8F120FBBFFE00DB464D /* Debug */ = {
			isa = XCBuildConfiguration;
			buildSettings = {
				ALWAYS_EMBED_SWIFT_STANDARD_LIBRARIES = YES;
				CODE_SIGN_STYLE = Automatic;
				DEVELOPMENT_TEAM = 3DKZWJ5854;
				INFOPLIST_FILE = SwagUITests/Info.plist;
				LD_RUNPATH_SEARCH_PATHS = "$(inherited) @executable_path/Frameworks @loader_path/Frameworks";
				PRODUCT_BUNDLE_IDENTIFIER = com.matt.deuschle.SwagUITests;
				PRODUCT_NAME = "$(TARGET_NAME)";
				SWIFT_VERSION = 4.0;
				TARGETED_DEVICE_FAMILY = "1,2";
				TEST_TARGET_NAME = Swag;
			};
			name = Debug;
		};
		A8D6A8F220FBBFFE00DB464D /* Release */ = {
			isa = XCBuildConfiguration;
			buildSettings = {
				ALWAYS_EMBED_SWIFT_STANDARD_LIBRARIES = YES;
				CODE_SIGN_STYLE = Automatic;
				DEVELOPMENT_TEAM = 3DKZWJ5854;
				INFOPLIST_FILE = SwagUITests/Info.plist;
				LD_RUNPATH_SEARCH_PATHS = "$(inherited) @executable_path/Frameworks @loader_path/Frameworks";
				PRODUCT_BUNDLE_IDENTIFIER = com.matt.deuschle.SwagUITests;
				PRODUCT_NAME = "$(TARGET_NAME)";
				SWIFT_VERSION = 4.0;
				TARGETED_DEVICE_FAMILY = "1,2";
				TEST_TARGET_NAME = Swag;
			};
			name = Release;
		};
/* End XCBuildConfiguration section */

/* Begin XCConfigurationList section */
		A8D6A8BD20FBBFFD00DB464D /* Build configuration list for PBXProject "Swag" */ = {
			isa = XCConfigurationList;
			buildConfigurations = (
				A8D6A8E820FBBFFE00DB464D /* Debug */,
				A8D6A8E920FBBFFE00DB464D /* Release */,
			);
			defaultConfigurationIsVisible = 0;
			defaultConfigurationName = Release;
		};
		A8D6A8EA20FBBFFE00DB464D /* Build configuration list for PBXNativeTarget "Swag" */ = {
			isa = XCConfigurationList;
			buildConfigurations = (
				A8D6A8EB20FBBFFE00DB464D /* Debug */,
				A8D6A8EC20FBBFFE00DB464D /* Release */,
			);
			defaultConfigurationIsVisible = 0;
			defaultConfigurationName = Release;
		};
		A8D6A8ED20FBBFFE00DB464D /* Build configuration list for PBXNativeTarget "SwagTests" */ = {
			isa = XCConfigurationList;
			buildConfigurations = (
				A8D6A8EE20FBBFFE00DB464D /* Debug */,
				A8D6A8EF20FBBFFE00DB464D /* Release */,
			);
			defaultConfigurationIsVisible = 0;
			defaultConfigurationName = Release;
		};
		A8D6A8F020FBBFFE00DB464D /* Build configuration list for PBXNativeTarget "SwagUITests" */ = {
			isa = XCConfigurationList;
			buildConfigurations = (
				A8D6A8F120FBBFFE00DB464D /* Debug */,
				A8D6A8F220FBBFFE00DB464D /* Release */,
			);
			defaultConfigurationIsVisible = 0;
			defaultConfigurationName = Release;
		};
/* End XCConfigurationList section */
	};
	rootObject = A8D6A8BA20FBBFFD00DB464D /* Project object */;
}
